schema: '2.0'
stages:
  cleaning:
    cmd: python src/cleaning.py data/raw/dataset.csv
    deps:
    - path: data/raw/dataset.csv
      hash: md5
      md5: 81c4699d70ecf480cda0081759db853a
      size: 20118249
    - path: src/cleaning.py
      hash: md5
      md5: da60b82e621cd5b08e7c5b28f7ffebee
      size: 9127
    params:
      params.yaml:
        prepare.seed: 20170428
        prepare.split: 0.2
    outs:
    - path: data/prep
      hash: md5
      md5: 110bb493bbd0e21399141cef6ae3256b.dir
      size: 10058238
      nfiles: 1
  prepare:
    cmd: python src/prepare.py data/prep/dataset_cleaned.csv
    deps:
    - path: data/prep/dataset_cleaned.csv
      hash: md5
      md5: 42aef02e304f499c2570935f83fc5538
      size: 10058238
    - path: src/prepare.py
      hash: md5
      md5: f62608d3a4bc6f06da8eb0ac2c302dd9
      size: 18221
    params:
      params.yaml:
        prepare.seed: 20250901
        prepare.split: 0.2
    outs:
    - path: data/test
      hash: md5
      md5: de93ed5f55b1442308b4987489ed1d36.dir
      size: 3310257
      nfiles: 2
    - path: data/train
      hash: md5
      md5: 711cf1e65fbbdb0570f51b3b9c7d3b13.dir
      size: 13242505
      nfiles: 5
